
Microsoft Visual Studio Solution File, Format Version 12.00
# Visual Studio 15
Project("{FAE04EC0-301F-11D3-BF4B-00C04F79EFBC}") = "HelloWorldApi", "HelloWorldApi\HelloWorldApi.csproj", "{9DA2C7E8-B0AB-4A59-A824-6AB08BFD861F}"
EndProject
Global
	GlobalSection(SolutionConfigurationPlatforms) = preSolution
		Debug|Any CPU = Debug|Any CPU
		Release|Any CPU = Release|Any CPU
	EndGlobalSection
	GlobalSection(ProjectConfigurationPlatforms) = postSolution
		{9DA2C7E8-B0AB-4A59-A824-6AB08BFD861F}.Debug|Any CPU.ActiveCfg = Debug|Any CPU
		{9DA2C7E8-B0AB-4A59-A824-6AB08BFD861F}.Debug|Any CPU.Build.0 = Debug|Any CPU
		{9DA2C7E8-B0AB-4A59-A824-6AB08BFD861F}.Release|Any CPU.ActiveCfg = Release|Any CPU
		{9DA2C7E8-B0AB-4A59-A824-6AB08BFD861F}.Release|Any CPU.Build.0 = Release|Any CPU
	EndGlobalSection
EndGlobal
